// !$*UTF8*$!
{
	archiveVersion = 1;
	classes = {
	};
	objectVersion = 48;
	objects = {

/* Begin PBXBuildFile section */
		B5007F401ED49F10009A4F6B /* SpotitColorScheme.swift in Sources */ = {isa = PBXBuildFile; fileRef = B5007F3F1ED49F10009A4F6B /* SpotitColorScheme.swift */; };
		B50B11F91F35A53800ED044B /* Regex.swift in Sources */ = {isa = PBXBuildFile; fileRef = B50B11F81F35A53800ED044B /* Regex.swift */; };
		B52395E11F01D3CF00AF538B /* File.swift in Sources */ = {isa = PBXBuildFile; fileRef = B52395E01F01D3CF00AF538B /* File.swift */; };
		B52395E31F01D3D900AF538B /* Object.swift in Sources */ = {isa = PBXBuildFile; fileRef = B52395E21F01D3D900AF538B /* Object.swift */; };
		B52395E71F01DC3C00AF538B /* JSONObject.swift in Sources */ = {isa = PBXBuildFile; fileRef = B52395E61F01DC3C00AF538B /* JSONObject.swift */; };
		B535D84A1ECF733000E52710 /* DefaultNetworkClass.swift in Sources */ = {isa = PBXBuildFile; fileRef = B535D8491ECF733000E52710 /* DefaultNetworkClass.swift */; };
		B535D84C1ECF76A500E52710 /* LocalizedImageView.swift in Sources */ = {isa = PBXBuildFile; fileRef = B535D84B1ECF76A500E52710 /* LocalizedImageView.swift */; };
		B535D8501ECF77CE00E52710 /* DefaultRequest.swift in Sources */ = {isa = PBXBuildFile; fileRef = B535D84F1ECF77CE00E52710 /* DefaultRequest.swift */; };
		B535D8521ECF781700E52710 /* NimbleNetwork.swift in Sources */ = {isa = PBXBuildFile; fileRef = B535D8511ECF781700E52710 /* NimbleNetwork.swift */; };
		B535D8541ECF781E00E52710 /* SpotitNetwork.swift in Sources */ = {isa = PBXBuildFile; fileRef = B535D8531ECF781E00E52710 /* SpotitNetwork.swift */; };
		B535D8561ECF78B700E52710 /* SelectorButton.swift in Sources */ = {isa = PBXBuildFile; fileRef = B535D8551ECF78B700E52710 /* SelectorButton.swift */; };
		B551751A1ED635640063E356 /* TimeUnits.swift in Sources */ = {isa = PBXBuildFile; fileRef = B55175191ED635640063E356 /* TimeUnits.swift */; };
		B551751C1ED635950063E356 /* TimeComponents.swift in Sources */ = {isa = PBXBuildFile; fileRef = B551751B1ED635950063E356 /* TimeComponents.swift */; };
		B551751E1ED636310063E356 /* AcuteTimeValues.swift in Sources */ = {isa = PBXBuildFile; fileRef = B551751D1ED636310063E356 /* AcuteTimeValues.swift */; };
		B55175201ED637150063E356 /* LocationTimeDate.swift in Sources */ = {isa = PBXBuildFile; fileRef = B551751F1ED637150063E356 /* LocationTimeDate.swift */; };
		B55175221ED689FF0063E356 /* DistanceString.swift in Sources */ = {isa = PBXBuildFile; fileRef = B55175211ED689FF0063E356 /* DistanceString.swift */; };
		B55175241ED68AB50063E356 /* TimeVariables.swift in Sources */ = {isa = PBXBuildFile; fileRef = B55175231ED68AB50063E356 /* TimeVariables.swift */; };
		B55B931B1EE9C59400210D37 /* Testy.swift in Sources */ = {isa = PBXBuildFile; fileRef = B55B931A1EE9C59400210D37 /* Testy.swift */; };
		B575B6F21F12971500E53CB6 /* Constrainable.swift in Sources */ = {isa = PBXBuildFile; fileRef = B575B6F11F12971500E53CB6 /* Constrainable.swift */; };
		B575B6F41F12974900E53CB6 /* ConstraintBlock.swift in Sources */ = {isa = PBXBuildFile; fileRef = B575B6F31F12974900E53CB6 /* ConstraintBlock.swift */; };
		B575B6F61F12976B00E53CB6 /* ConstraintSide.swift in Sources */ = {isa = PBXBuildFile; fileRef = B575B6F51F12976B00E53CB6 /* ConstraintSide.swift */; };
		B58B57FD1ED2A53C009A7992 /* Integer_Helpers.swift in Sources */ = {isa = PBXBuildFile; fileRef = B58B57FC1ED2A53C009A7992 /* Integer_Helpers.swift */; };
		B58B57FF1ED2A562009A7992 /* Double+Helper.swift in Sources */ = {isa = PBXBuildFile; fileRef = B58B57FE1ED2A562009A7992 /* Double+Helper.swift */; };
		B58B58011ED2A58B009A7992 /* Randoms+Helpers.swift in Sources */ = {isa = PBXBuildFile; fileRef = B58B58001ED2A58B009A7992 /* Randoms+Helpers.swift */; };
		B58B58031ED2A5BE009A7992 /* UIViewController+Helpers.swift in Sources */ = {isa = PBXBuildFile; fileRef = B58B58021ED2A5BE009A7992 /* UIViewController+Helpers.swift */; };
		B58B58051ED2A5DF009A7992 /* Dictionnary+Helpers.swift in Sources */ = {isa = PBXBuildFile; fileRef = B58B58041ED2A5DF009A7992 /* Dictionnary+Helpers.swift */; };
		B58B58071ED2A5F8009A7992 /* UIImageView+Helpers.swift in Sources */ = {isa = PBXBuildFile; fileRef = B58B58061ED2A5F8009A7992 /* UIImageView+Helpers.swift */; };
		B58B58091ED2A620009A7992 /* UILabel+Helpers.swift in Sources */ = {isa = PBXBuildFile; fileRef = B58B58081ED2A620009A7992 /* UILabel+Helpers.swift */; };
		B58B580B1ED2A641009A7992 /* String+Helpers.swift in Sources */ = {isa = PBXBuildFile; fileRef = B58B580A1ED2A641009A7992 /* String+Helpers.swift */; };
		B58B580D1ED2A676009A7992 /* NSString+Helpers.swift in Sources */ = {isa = PBXBuildFile; fileRef = B58B580C1ED2A676009A7992 /* NSString+Helpers.swift */; };
		B58B580F1ED2A69F009A7992 /* UISearchBar+Helpers.swift in Sources */ = {isa = PBXBuildFile; fileRef = B58B580E1ED2A69F009A7992 /* UISearchBar+Helpers.swift */; };
		B58B58111ED2A6B6009A7992 /* NSObject+Helpers.swift in Sources */ = {isa = PBXBuildFile; fileRef = B58B58101ED2A6B6009A7992 /* NSObject+Helpers.swift */; };
		B58B58131ED2A6E4009A7992 /* NSLocale+Helpers.swift in Sources */ = {isa = PBXBuildFile; fileRef = B58B58121ED2A6E4009A7992 /* NSLocale+Helpers.swift */; };
		B58B58151ED2A705009A7992 /* Date+Helpers.swift in Sources */ = {isa = PBXBuildFile; fileRef = B58B58141ED2A705009A7992 /* Date+Helpers.swift */; };
		B58B58171ED2A76D009A7992 /* UIButton+Helpers.swift in Sources */ = {isa = PBXBuildFile; fileRef = B58B58161ED2A76D009A7992 /* UIButton+Helpers.swift */; };
		B58B58191ED2A7A5009A7992 /* UIView+Helpers.swift in Sources */ = {isa = PBXBuildFile; fileRef = B58B58181ED2A7A5009A7992 /* UIView+Helpers.swift */; };
		B58B581B1ED2A845009A7992 /* CALayer+Helpers.swift in Sources */ = {isa = PBXBuildFile; fileRef = B58B581A1ED2A845009A7992 /* CALayer+Helpers.swift */; };
		B58B581D1ED2A95F009A7992 /* UIColor+Helpers.swift in Sources */ = {isa = PBXBuildFile; fileRef = B58B581C1ED2A95F009A7992 /* UIColor+Helpers.swift */; };
		B58B58211ED2AB15009A7992 /* Financial+Variables.swift in Sources */ = {isa = PBXBuildFile; fileRef = B58B58201ED2AB15009A7992 /* Financial+Variables.swift */; };
		B58B58251ED2ABAB009A7992 /* App-Class.swift in Sources */ = {isa = PBXBuildFile; fileRef = B58B58241ED2ABAB009A7992 /* App-Class.swift */; };
		B58B58271ED2AC90009A7992 /* NSMutableURLRequest+Helpers.swift in Sources */ = {isa = PBXBuildFile; fileRef = B58B58261ED2AC90009A7992 /* NSMutableURLRequest+Helpers.swift */; };
		B58B58291ED2AD5F009A7992 /* SMSCodeVerifier.swift in Sources */ = {isa = PBXBuildFile; fileRef = B58B58281ED2AD5F009A7992 /* SMSCodeVerifier.swift */; };
		B58B582B1ED2ADC0009A7992 /* SliderView+Helpers.swift in Sources */ = {isa = PBXBuildFile; fileRef = B58B582A1ED2ADC0009A7992 /* SliderView+Helpers.swift */; };
		B58B582D1ED2AF60009A7992 /* SpotitPaths.swift in Sources */ = {isa = PBXBuildFile; fileRef = B58B582C1ED2AF60009A7992 /* SpotitPaths.swift */; };
		B58B582F1ED2B1E8009A7992 /* SpotitLinkers.swift in Sources */ = {isa = PBXBuildFile; fileRef = B58B582E1ED2B1E8009A7992 /* SpotitLinkers.swift */; };
		B58B58321ED2B3C1009A7992 /* ApplePay+Methods.swift in Sources */ = {isa = PBXBuildFile; fileRef = B58B58311ED2B3C1009A7992 /* ApplePay+Methods.swift */; };
		B58B58381ED2B762009A7992 /* Provinces.swift in Sources */ = {isa = PBXBuildFile; fileRef = B58B58371ED2B762009A7992 /* Provinces.swift */; };
		B58B583A1ED2B77E009A7992 /* Country.swift in Sources */ = {isa = PBXBuildFile; fileRef = B58B58391ED2B77E009A7992 /* Country.swift */; };
		B58B583C1ED2B7B1009A7992 /* State.swift in Sources */ = {isa = PBXBuildFile; fileRef = B58B583B1ED2B7B1009A7992 /* State.swift */; };
		B58B583E1ED2B7EC009A7992 /* PostalCode.swift in Sources */ = {isa = PBXBuildFile; fileRef = B58B583D1ED2B7EB009A7992 /* PostalCode.swift */; };
		B58B58401ED2B892009A7992 /* ModalViewInfo.swift in Sources */ = {isa = PBXBuildFile; fileRef = B58B583F1ED2B892009A7992 /* ModalViewInfo.swift */; };
		B58B58421ED2B9B9009A7992 /* UserDefaults+Helpers.swift in Sources */ = {isa = PBXBuildFile; fileRef = B58B58411ED2B9B9009A7992 /* UserDefaults+Helpers.swift */; };
		B58BA40A1ED4DD34005F1544 /* DateLabeler.swift in Sources */ = {isa = PBXBuildFile; fileRef = B58BA4091ED4DD34005F1544 /* DateLabeler.swift */; };
		B5B748631E99FFB300A5308E /* SCKBase.h in Headers */ = {isa = PBXBuildFile; fileRef = B5B748611E99FFB300A5308E /* SCKBase.h */; settings = {ATTRIBUTES = (Public, ); }; };
		B5B7486A1E99FFF300A5308E /* MultiVar.swift in Sources */ = {isa = PBXBuildFile; fileRef = B5B748691E99FFF300A5308E /* MultiVar.swift */; };
		B5B7486C1E9A000200A5308E /* DOB.swift in Sources */ = {isa = PBXBuildFile; fileRef = B5B7486B1E9A000200A5308E /* DOB.swift */; };
		B5B7486E1E9A001A00A5308E /* DateClasses.swift in Sources */ = {isa = PBXBuildFile; fileRef = B5B7486D1E9A001A00A5308E /* DateClasses.swift */; };
		B5B748701E9A002D00A5308E /* LocalData.swift in Sources */ = {isa = PBXBuildFile; fileRef = B5B7486F1E9A002D00A5308E /* LocalData.swift */; };
		B5B748721E9A003600A5308E /* Phone.swift in Sources */ = {isa = PBXBuildFile; fileRef = B5B748711E9A003600A5308E /* Phone.swift */; };
		B5B748741E9A006400A5308E /* PinCircles.swift in Sources */ = {isa = PBXBuildFile; fileRef = B5B748731E9A006400A5308E /* PinCircles.swift */; };
		B5B7487A1E9A008B00A5308E /* UIImage+Decompression.swift in Sources */ = {isa = PBXBuildFile; fileRef = B5B748791E9A008B00A5308E /* UIImage+Decompression.swift */; };
		B5B7487C1E9A009A00A5308E /* UIBezierPath+Helpers.swift in Sources */ = {isa = PBXBuildFile; fileRef = B5B7487B1E9A009900A5308E /* UIBezierPath+Helpers.swift */; };
		B5B748801E9A00CE00A5308E /* BaseCell.swift in Sources */ = {isa = PBXBuildFile; fileRef = B5B7487F1E9A00CE00A5308E /* BaseCell.swift */; };
		B5B748821E9A00E200A5308E /* ArrowButton.swift in Sources */ = {isa = PBXBuildFile; fileRef = B5B748811E9A00E200A5308E /* ArrowButton.swift */; };
		B5B748841E9A00E700A5308E /* CheckMarkView.swift in Sources */ = {isa = PBXBuildFile; fileRef = B5B748831E9A00E700A5308E /* CheckMarkView.swift */; };
		B5B748861E9A00EC00A5308E /* CheckMarkButton.swift in Sources */ = {isa = PBXBuildFile; fileRef = B5B748851E9A00EC00A5308E /* CheckMarkButton.swift */; };
		B5B748881E9A014400A5308E /* MerchantLocation.swift in Sources */ = {isa = PBXBuildFile; fileRef = B5B748871E9A014400A5308E /* MerchantLocation.swift */; };
		B5B7488A1E9A015700A5308E /* LocationAddress.swift in Sources */ = {isa = PBXBuildFile; fileRef = B5B748891E9A015700A5308E /* LocationAddress.swift */; };
		B5B7488C1E9A01B400A5308E /* LoadingIndicator.swift in Sources */ = {isa = PBXBuildFile; fileRef = B5B7488B1E9A01B400A5308E /* LoadingIndicator.swift */; };
		B5B7488E1E9A020400A5308E /* SliderView.swift in Sources */ = {isa = PBXBuildFile; fileRef = B5B7488D1E9A020400A5308E /* SliderView.swift */; };
		B5B748901E9A021700A5308E /* GeoVar.swift in Sources */ = {isa = PBXBuildFile; fileRef = B5B7488F1E9A021700A5308E /* GeoVar.swift */; };
		B5B748981E9A066600A5308E /* GlobalVariables.swift in Sources */ = {isa = PBXBuildFile; fileRef = B5B748971E9A066600A5308E /* GlobalVariables.swift */; };
		B5B7489A1E9A07E800A5308E /* ContrastBackground.swift in Sources */ = {isa = PBXBuildFile; fileRef = B5B748991E9A07E800A5308E /* ContrastBackground.swift */; };
		B5B748A01E9A08FC00A5308E /* DataExtensions.swift in Sources */ = {isa = PBXBuildFile; fileRef = B5B7489F1E9A08FC00A5308E /* DataExtensions.swift */; };
		B5B748A41E9A0AB100A5308E /* TaxHandler.swift in Sources */ = {isa = PBXBuildFile; fileRef = B5B748A31E9A0AB100A5308E /* TaxHandler.swift */; };
		B5B748A81E9A0AE100A5308E /* TransitionStyles.swift in Sources */ = {isa = PBXBuildFile; fileRef = B5B748A71E9A0AE100A5308E /* TransitionStyles.swift */; };
		B5E822F81F37E5E0002DD945 /* ConstrainableElement.swift in Sources */ = {isa = PBXBuildFile; fileRef = B5E822F71F37E5E0002DD945 /* ConstrainableElement.swift */; };
		B5E822FA1F37EC5C002DD945 /* ConstrainableValues.swift in Sources */ = {isa = PBXBuildFile; fileRef = B5E822F91F37EC5C002DD945 /* ConstrainableValues.swift */; };
		B5E8BE381F02CF6300F14D1E /* SwiftyJSON.swift in Sources */ = {isa = PBXBuildFile; fileRef = B5E8BE371F02CF6300F14D1E /* SwiftyJSON.swift */; };
		B5F44EFA1EF06D9B00FD101D /* UILabel+Instantiables.swift in Sources */ = {isa = PBXBuildFile; fileRef = B5F44EF91EF06D9B00FD101D /* UILabel+Instantiables.swift */; };
/* End PBXBuildFile section */

/* Begin PBXFileReference section */
		B5007F3F1ED49F10009A4F6B /* SpotitColorScheme.swift */ = {isa = PBXFileReference; fileEncoding = 4; lastKnownFileType = sourcecode.swift; path = SpotitColorScheme.swift; sourceTree = "<group>"; };
		B50B11F81F35A53800ED044B /* Regex.swift */ = {isa = PBXFileReference; fileEncoding = 4; lastKnownFileType = sourcecode.swift; path = Regex.swift; sourceTree = "<group>"; };
		B52395E01F01D3CF00AF538B /* File.swift */ = {isa = PBXFileReference; fileEncoding = 4; lastKnownFileType = sourcecode.swift; path = File.swift; sourceTree = "<group>"; };
		B52395E21F01D3D900AF538B /* Object.swift */ = {isa = PBXFileReference; fileEncoding = 4; lastKnownFileType = sourcecode.swift; path = Object.swift; sourceTree = "<group>"; };
		B52395E61F01DC3C00AF538B /* JSONObject.swift */ = {isa = PBXFileReference; fileEncoding = 4; lastKnownFileType = sourcecode.swift; path = JSONObject.swift; sourceTree = "<group>"; };
		B535D8491ECF733000E52710 /* DefaultNetworkClass.swift */ = {isa = PBXFileReference; fileEncoding = 4; lastKnownFileType = sourcecode.swift; path = DefaultNetworkClass.swift; sourceTree = "<group>"; };
		B535D84B1ECF76A500E52710 /* LocalizedImageView.swift */ = {isa = PBXFileReference; fileEncoding = 4; lastKnownFileType = sourcecode.swift; path = LocalizedImageView.swift; sourceTree = "<group>"; };
		B535D84F1ECF77CE00E52710 /* DefaultRequest.swift */ = {isa = PBXFileReference; fileEncoding = 4; lastKnownFileType = sourcecode.swift; path = DefaultRequest.swift; sourceTree = "<group>"; };
		B535D8511ECF781700E52710 /* NimbleNetwork.swift */ = {isa = PBXFileReference; fileEncoding = 4; lastKnownFileType = sourcecode.swift; path = NimbleNetwork.swift; sourceTree = "<group>"; };
		B535D8531ECF781E00E52710 /* SpotitNetwork.swift */ = {isa = PBXFileReference; fileEncoding = 4; lastKnownFileType = sourcecode.swift; path = SpotitNetwork.swift; sourceTree = "<group>"; };
		B535D8551ECF78B700E52710 /* SelectorButton.swift */ = {isa = PBXFileReference; fileEncoding = 4; lastKnownFileType = sourcecode.swift; path = SelectorButton.swift; sourceTree = "<group>"; };
		B55175191ED635640063E356 /* TimeUnits.swift */ = {isa = PBXFileReference; fileEncoding = 4; lastKnownFileType = sourcecode.swift; path = TimeUnits.swift; sourceTree = "<group>"; };
		B551751B1ED635950063E356 /* TimeComponents.swift */ = {isa = PBXFileReference; fileEncoding = 4; lastKnownFileType = sourcecode.swift; path = TimeComponents.swift; sourceTree = "<group>"; };
		B551751D1ED636310063E356 /* AcuteTimeValues.swift */ = {isa = PBXFileReference; fileEncoding = 4; lastKnownFileType = sourcecode.swift; path = AcuteTimeValues.swift; sourceTree = "<group>"; };
		B551751F1ED637150063E356 /* LocationTimeDate.swift */ = {isa = PBXFileReference; fileEncoding = 4; lastKnownFileType = sourcecode.swift; path = LocationTimeDate.swift; sourceTree = "<group>"; };
		B55175211ED689FF0063E356 /* DistanceString.swift */ = {isa = PBXFileReference; fileEncoding = 4; lastKnownFileType = sourcecode.swift; path = DistanceString.swift; sourceTree = "<group>"; };
		B55175231ED68AB50063E356 /* TimeVariables.swift */ = {isa = PBXFileReference; fileEncoding = 4; lastKnownFileType = sourcecode.swift; path = TimeVariables.swift; sourceTree = "<group>"; };
		B55B931A1EE9C59400210D37 /* Testy.swift */ = {isa = PBXFileReference; fileEncoding = 4; lastKnownFileType = sourcecode.swift; path = Testy.swift; sourceTree = "<group>"; };
		B575B6F11F12971500E53CB6 /* Constrainable.swift */ = {isa = PBXFileReference; fileEncoding = 4; lastKnownFileType = sourcecode.swift; path = Constrainable.swift; sourceTree = "<group>"; };
		B575B6F31F12974900E53CB6 /* ConstraintBlock.swift */ = {isa = PBXFileReference; fileEncoding = 4; lastKnownFileType = sourcecode.swift; path = ConstraintBlock.swift; sourceTree = "<group>"; };
		B575B6F51F12976B00E53CB6 /* ConstraintSide.swift */ = {isa = PBXFileReference; fileEncoding = 4; lastKnownFileType = sourcecode.swift; path = ConstraintSide.swift; sourceTree = "<group>"; };
		B58B57FC1ED2A53C009A7992 /* Integer_Helpers.swift */ = {isa = PBXFileReference; fileEncoding = 4; lastKnownFileType = sourcecode.swift; path = Integer_Helpers.swift; sourceTree = "<group>"; };
		B58B57FE1ED2A562009A7992 /* Double+Helper.swift */ = {isa = PBXFileReference; fileEncoding = 4; lastKnownFileType = sourcecode.swift; path = "Double+Helper.swift"; sourceTree = "<group>"; };
		B58B58001ED2A58B009A7992 /* Randoms+Helpers.swift */ = {isa = PBXFileReference; fileEncoding = 4; lastKnownFileType = sourcecode.swift; path = "Randoms+Helpers.swift"; sourceTree = "<group>"; };
		B58B58021ED2A5BE009A7992 /* UIViewController+Helpers.swift */ = {isa = PBXFileReference; fileEncoding = 4; lastKnownFileType = sourcecode.swift; path = "UIViewController+Helpers.swift"; sourceTree = "<group>"; };
		B58B58041ED2A5DF009A7992 /* Dictionnary+Helpers.swift */ = {isa = PBXFileReference; fileEncoding = 4; lastKnownFileType = sourcecode.swift; path = "Dictionnary+Helpers.swift"; sourceTree = "<group>"; };
		B58B58061ED2A5F8009A7992 /* UIImageView+Helpers.swift */ = {isa = PBXFileReference; fileEncoding = 4; lastKnownFileType = sourcecode.swift; path = "UIImageView+Helpers.swift"; sourceTree = "<group>"; };
		B58B58081ED2A620009A7992 /* UILabel+Helpers.swift */ = {isa = PBXFileReference; fileEncoding = 4; lastKnownFileType = sourcecode.swift; path = "UILabel+Helpers.swift"; sourceTree = "<group>"; };
		B58B580A1ED2A641009A7992 /* String+Helpers.swift */ = {isa = PBXFileReference; fileEncoding = 4; lastKnownFileType = sourcecode.swift; path = "String+Helpers.swift"; sourceTree = "<group>"; };
		B58B580C1ED2A676009A7992 /* NSString+Helpers.swift */ = {isa = PBXFileReference; fileEncoding = 4; lastKnownFileType = sourcecode.swift; path = "NSString+Helpers.swift"; sourceTree = "<group>"; };
		B58B580E1ED2A69F009A7992 /* UISearchBar+Helpers.swift */ = {isa = PBXFileReference; fileEncoding = 4; lastKnownFileType = sourcecode.swift; path = "UISearchBar+Helpers.swift"; sourceTree = "<group>"; };
		B58B58101ED2A6B6009A7992 /* NSObject+Helpers.swift */ = {isa = PBXFileReference; fileEncoding = 4; lastKnownFileType = sourcecode.swift; path = "NSObject+Helpers.swift"; sourceTree = "<group>"; };
		B58B58121ED2A6E4009A7992 /* NSLocale+Helpers.swift */ = {isa = PBXFileReference; fileEncoding = 4; lastKnownFileType = sourcecode.swift; path = "NSLocale+Helpers.swift"; sourceTree = "<group>"; };
		B58B58141ED2A705009A7992 /* Date+Helpers.swift */ = {isa = PBXFileReference; fileEncoding = 4; lastKnownFileType = sourcecode.swift; path = "Date+Helpers.swift"; sourceTree = "<group>"; };
		B58B58161ED2A76D009A7992 /* UIButton+Helpers.swift */ = {isa = PBXFileReference; fileEncoding = 4; lastKnownFileType = sourcecode.swift; path = "UIButton+Helpers.swift"; sourceTree = "<group>"; };
		B58B58181ED2A7A5009A7992 /* UIView+Helpers.swift */ = {isa = PBXFileReference; fileEncoding = 4; lastKnownFileType = sourcecode.swift; path = "UIView+Helpers.swift"; sourceTree = "<group>"; };
		B58B581A1ED2A845009A7992 /* CALayer+Helpers.swift */ = {isa = PBXFileReference; fileEncoding = 4; lastKnownFileType = sourcecode.swift; path = "CALayer+Helpers.swift"; sourceTree = "<group>"; };
		B58B581C1ED2A95F009A7992 /* UIColor+Helpers.swift */ = {isa = PBXFileReference; fileEncoding = 4; lastKnownFileType = sourcecode.swift; path = "UIColor+Helpers.swift"; sourceTree = "<group>"; };
		B58B58201ED2AB15009A7992 /* Financial+Variables.swift */ = {isa = PBXFileReference; fileEncoding = 4; lastKnownFileType = sourcecode.swift; path = "Financial+Variables.swift"; sourceTree = "<group>"; };
		B58B58241ED2ABAB009A7992 /* App-Class.swift */ = {isa = PBXFileReference; fileEncoding = 4; lastKnownFileType = sourcecode.swift; path = "App-Class.swift"; sourceTree = "<group>"; };
		B58B58261ED2AC90009A7992 /* NSMutableURLRequest+Helpers.swift */ = {isa = PBXFileReference; fileEncoding = 4; lastKnownFileType = sourcecode.swift; path = "NSMutableURLRequest+Helpers.swift"; sourceTree = "<group>"; };
		B58B58281ED2AD5F009A7992 /* SMSCodeVerifier.swift */ = {isa = PBXFileReference; fileEncoding = 4; lastKnownFileType = sourcecode.swift; path = SMSCodeVerifier.swift; sourceTree = "<group>"; };
		B58B582A1ED2ADC0009A7992 /* SliderView+Helpers.swift */ = {isa = PBXFileReference; fileEncoding = 4; lastKnownFileType = sourcecode.swift; path = "SliderView+Helpers.swift"; sourceTree = "<group>"; };
		B58B582C1ED2AF60009A7992 /* SpotitPaths.swift */ = {isa = PBXFileReference; fileEncoding = 4; lastKnownFileType = sourcecode.swift; path = SpotitPaths.swift; sourceTree = "<group>"; };
		B58B582E1ED2B1E8009A7992 /* SpotitLinkers.swift */ = {isa = PBXFileReference; fileEncoding = 4; lastKnownFileType = sourcecode.swift; path = SpotitLinkers.swift; sourceTree = "<group>"; };
		B58B58311ED2B3C1009A7992 /* ApplePay+Methods.swift */ = {isa = PBXFileReference; fileEncoding = 4; lastKnownFileType = sourcecode.swift; path = "ApplePay+Methods.swift"; sourceTree = "<group>"; };
		B58B58371ED2B762009A7992 /* Provinces.swift */ = {isa = PBXFileReference; fileEncoding = 4; lastKnownFileType = sourcecode.swift; path = Provinces.swift; sourceTree = "<group>"; };
		B58B58391ED2B77E009A7992 /* Country.swift */ = {isa = PBXFileReference; fileEncoding = 4; lastKnownFileType = sourcecode.swift; path = Country.swift; sourceTree = "<group>"; };
		B58B583B1ED2B7B1009A7992 /* State.swift */ = {isa = PBXFileReference; fileEncoding = 4; lastKnownFileType = sourcecode.swift; path = State.swift; sourceTree = "<group>"; };
		B58B583D1ED2B7EB009A7992 /* PostalCode.swift */ = {isa = PBXFileReference; fileEncoding = 4; lastKnownFileType = sourcecode.swift; path = PostalCode.swift; sourceTree = "<group>"; };
		B58B583F1ED2B892009A7992 /* ModalViewInfo.swift */ = {isa = PBXFileReference; fileEncoding = 4; lastKnownFileType = sourcecode.swift; path = ModalViewInfo.swift; sourceTree = "<group>"; };
		B58B58411ED2B9B9009A7992 /* UserDefaults+Helpers.swift */ = {isa = PBXFileReference; fileEncoding = 4; lastKnownFileType = sourcecode.swift; path = "UserDefaults+Helpers.swift"; sourceTree = "<group>"; };
		B58BA4091ED4DD34005F1544 /* DateLabeler.swift */ = {isa = PBXFileReference; fileEncoding = 4; lastKnownFileType = sourcecode.swift; path = DateLabeler.swift; sourceTree = "<group>"; };
		B5B7485E1E99FFB300A5308E /* SCKBase.framework */ = {isa = PBXFileReference; explicitFileType = wrapper.framework; includeInIndex = 0; path = SCKBase.framework; sourceTree = BUILT_PRODUCTS_DIR; };
		B5B748611E99FFB300A5308E /* SCKBase.h */ = {isa = PBXFileReference; lastKnownFileType = sourcecode.c.h; path = SCKBase.h; sourceTree = "<group>"; };
		B5B748621E99FFB300A5308E /* Info.plist */ = {isa = PBXFileReference; lastKnownFileType = text.plist.xml; path = Info.plist; sourceTree = "<group>"; };
		B5B748691E99FFF300A5308E /* MultiVar.swift */ = {isa = PBXFileReference; fileEncoding = 4; lastKnownFileType = sourcecode.swift; path = MultiVar.swift; sourceTree = "<group>"; };
		B5B7486B1E9A000200A5308E /* DOB.swift */ = {isa = PBXFileReference; fileEncoding = 4; lastKnownFileType = sourcecode.swift; path = DOB.swift; sourceTree = "<group>"; };
		B5B7486D1E9A001A00A5308E /* DateClasses.swift */ = {isa = PBXFileReference; fileEncoding = 4; lastKnownFileType = sourcecode.swift; path = DateClasses.swift; sourceTree = "<group>"; };
		B5B7486F1E9A002D00A5308E /* LocalData.swift */ = {isa = PBXFileReference; fileEncoding = 4; lastKnownFileType = sourcecode.swift; path = LocalData.swift; sourceTree = "<group>"; };
		B5B748711E9A003600A5308E /* Phone.swift */ = {isa = PBXFileReference; fileEncoding = 4; lastKnownFileType = sourcecode.swift; path = Phone.swift; sourceTree = "<group>"; };
		B5B748731E9A006400A5308E /* PinCircles.swift */ = {isa = PBXFileReference; fileEncoding = 4; lastKnownFileType = sourcecode.swift; path = PinCircles.swift; sourceTree = "<group>"; };
		B5B748791E9A008B00A5308E /* UIImage+Decompression.swift */ = {isa = PBXFileReference; fileEncoding = 4; lastKnownFileType = sourcecode.swift; path = "UIImage+Decompression.swift"; sourceTree = "<group>"; };
		B5B7487B1E9A009900A5308E /* UIBezierPath+Helpers.swift */ = {isa = PBXFileReference; fileEncoding = 4; lastKnownFileType = sourcecode.swift; path = "UIBezierPath+Helpers.swift"; sourceTree = "<group>"; };
		B5B7487F1E9A00CE00A5308E /* BaseCell.swift */ = {isa = PBXFileReference; fileEncoding = 4; lastKnownFileType = sourcecode.swift; path = BaseCell.swift; sourceTree = "<group>"; };
		B5B748811E9A00E200A5308E /* ArrowButton.swift */ = {isa = PBXFileReference; fileEncoding = 4; lastKnownFileType = sourcecode.swift; path = ArrowButton.swift; sourceTree = "<group>"; };
		B5B748831E9A00E700A5308E /* CheckMarkView.swift */ = {isa = PBXFileReference; fileEncoding = 4; lastKnownFileType = sourcecode.swift; path = CheckMarkView.swift; sourceTree = "<group>"; };
		B5B748851E9A00EC00A5308E /* CheckMarkButton.swift */ = {isa = PBXFileReference; fileEncoding = 4; lastKnownFileType = sourcecode.swift; path = CheckMarkButton.swift; sourceTree = "<group>"; };
		B5B748871E9A014400A5308E /* MerchantLocation.swift */ = {isa = PBXFileReference; fileEncoding = 4; lastKnownFileType = sourcecode.swift; path = MerchantLocation.swift; sourceTree = "<group>"; };
		B5B748891E9A015700A5308E /* LocationAddress.swift */ = {isa = PBXFileReference; fileEncoding = 4; lastKnownFileType = sourcecode.swift; path = LocationAddress.swift; sourceTree = "<group>"; };
		B5B7488B1E9A01B400A5308E /* LoadingIndicator.swift */ = {isa = PBXFileReference; fileEncoding = 4; lastKnownFileType = sourcecode.swift; path = LoadingIndicator.swift; sourceTree = "<group>"; };
		B5B7488D1E9A020400A5308E /* SliderView.swift */ = {isa = PBXFileReference; fileEncoding = 4; lastKnownFileType = sourcecode.swift; path = SliderView.swift; sourceTree = "<group>"; };
		B5B7488F1E9A021700A5308E /* GeoVar.swift */ = {isa = PBXFileReference; fileEncoding = 4; lastKnownFileType = sourcecode.swift; path = GeoVar.swift; sourceTree = "<group>"; };
		B5B748971E9A066600A5308E /* GlobalVariables.swift */ = {isa = PBXFileReference; fileEncoding = 4; lastKnownFileType = sourcecode.swift; path = GlobalVariables.swift; sourceTree = "<group>"; };
		B5B748991E9A07E800A5308E /* ContrastBackground.swift */ = {isa = PBXFileReference; fileEncoding = 4; lastKnownFileType = sourcecode.swift; path = ContrastBackground.swift; sourceTree = "<group>"; };
		B5B7489F1E9A08FC00A5308E /* DataExtensions.swift */ = {isa = PBXFileReference; fileEncoding = 4; lastKnownFileType = sourcecode.swift; path = DataExtensions.swift; sourceTree = "<group>"; };
		B5B748A31E9A0AB100A5308E /* TaxHandler.swift */ = {isa = PBXFileReference; fileEncoding = 4; lastKnownFileType = sourcecode.swift; path = TaxHandler.swift; sourceTree = "<group>"; };
		B5B748A71E9A0AE100A5308E /* TransitionStyles.swift */ = {isa = PBXFileReference; fileEncoding = 4; lastKnownFileType = sourcecode.swift; path = TransitionStyles.swift; sourceTree = "<group>"; };
		B5E822F71F37E5E0002DD945 /* ConstrainableElement.swift */ = {isa = PBXFileReference; fileEncoding = 4; lastKnownFileType = sourcecode.swift; path = ConstrainableElement.swift; sourceTree = "<group>"; };
		B5E822F91F37EC5C002DD945 /* ConstrainableValues.swift */ = {isa = PBXFileReference; fileEncoding = 4; lastKnownFileType = sourcecode.swift; path = ConstrainableValues.swift; sourceTree = "<group>"; };
		B5E8BE371F02CF6300F14D1E /* SwiftyJSON.swift */ = {isa = PBXFileReference; fileEncoding = 4; lastKnownFileType = sourcecode.swift; path = SwiftyJSON.swift; sourceTree = "<group>"; };
		B5F44EF91EF06D9B00FD101D /* UILabel+Instantiables.swift */ = {isa = PBXFileReference; fileEncoding = 4; lastKnownFileType = sourcecode.swift; path = "UILabel+Instantiables.swift"; sourceTree = "<group>"; };
/* End PBXFileReference section */

/* Begin PBXFrameworksBuildPhase section */
		B5B7485A1E99FFB300A5308E /* Frameworks */ = {
			isa = PBXFrameworksBuildPhase;
			buildActionMask = 2147483647;
			files = (
			);
			runOnlyForDeploymentPostprocessing = 0;
		};
/* End PBXFrameworksBuildPhase section */

/* Begin PBXGroup section */
		B535D8421ECF702300E52710 /* Views */ = {
			isa = PBXGroup;
			children = (
				B535D8551ECF78B700E52710 /* SelectorButton.swift */,
				B5B7488B1E9A01B400A5308E /* LoadingIndicator.swift */,
				B5B748731E9A006400A5308E /* PinCircles.swift */,
				B5B748811E9A00E200A5308E /* ArrowButton.swift */,
				B5B748991E9A07E800A5308E /* ContrastBackground.swift */,
				B58B58281ED2AD5F009A7992 /* SMSCodeVerifier.swift */,
				B5B748831E9A00E700A5308E /* CheckMarkView.swift */,
				B5B7488D1E9A020400A5308E /* SliderView.swift */,
				B58B582A1ED2ADC0009A7992 /* SliderView+Helpers.swift */,
				B535D84B1ECF76A500E52710 /* LocalizedImageView.swift */,
				B5B7487F1E9A00CE00A5308E /* BaseCell.swift */,
				B5B748851E9A00EC00A5308E /* CheckMarkButton.swift */,
				B5B7486F1E9A002D00A5308E /* LocalData.swift */,
			);
			name = Views;
			sourceTree = "<group>";
		};
		B535D8431ECF703200E52710 /* Specifics */ = {
			isa = PBXGroup;
			children = (
				B58B58241ED2ABAB009A7992 /* App-Class.swift */,
				B58B58201ED2AB15009A7992 /* Financial+Variables.swift */,
				B5B748871E9A014400A5308E /* MerchantLocation.swift */,
				B55175191ED635640063E356 /* TimeUnits.swift */,
				B5B748691E99FFF300A5308E /* MultiVar.swift */,
				B5B7486D1E9A001A00A5308E /* DateClasses.swift */,
				B5B7486B1E9A000200A5308E /* DOB.swift */,
				B5B748711E9A003600A5308E /* Phone.swift */,
				B5B748A31E9A0AB100A5308E /* TaxHandler.swift */,
				B50B11F81F35A53800ED044B /* Regex.swift */,
				B5B7488F1E9A021700A5308E /* GeoVar.swift */,
				B58B58311ED2B3C1009A7992 /* ApplePay+Methods.swift */,
				B5B748971E9A066600A5308E /* GlobalVariables.swift */,
				B5007F3F1ED49F10009A4F6B /* SpotitColorScheme.swift */,
				B5B748891E9A015700A5308E /* LocationAddress.swift */,
				B58B582E1ED2B1E8009A7992 /* SpotitLinkers.swift */,
				B58B583F1ED2B892009A7992 /* ModalViewInfo.swift */,
				B58BA4091ED4DD34005F1544 /* DateLabeler.swift */,
				B551751D1ED636310063E356 /* AcuteTimeValues.swift */,
				B551751B1ED635950063E356 /* TimeComponents.swift */,
				B55175231ED68AB50063E356 /* TimeVariables.swift */,
				B551751F1ED637150063E356 /* LocationTimeDate.swift */,
				B55175211ED689FF0063E356 /* DistanceString.swift */,
				B5E8BE371F02CF6300F14D1E /* SwiftyJSON.swift */,
				B52395E01F01D3CF00AF538B /* File.swift */,
				B52395E21F01D3D900AF538B /* Object.swift */,
				B52395E61F01DC3C00AF538B /* JSONObject.swift */,
				B575B6F11F12971500E53CB6 /* Constrainable.swift */,
				B575B6F31F12974900E53CB6 /* ConstraintBlock.swift */,
				B5E822F91F37EC5C002DD945 /* ConstrainableValues.swift */,
				B5E822F71F37E5E0002DD945 /* ConstrainableElement.swift */,
				B575B6F51F12976B00E53CB6 /* ConstraintSide.swift */,
			);
			name = Specifics;
			sourceTree = "<group>";
		};
		B535D8441ECF704100E52710 /* Animators */ = {
			isa = PBXGroup;
			children = (
				B5B748A71E9A0AE100A5308E /* TransitionStyles.swift */,
			);
			name = Animators;
			sourceTree = "<group>";
		};
		B58B581E1ED2A9A2009A7992 /* Extensions */ = {
			isa = PBXGroup;
			children = (
				B5B7487B1E9A009900A5308E /* UIBezierPath+Helpers.swift */,
				B58B58411ED2B9B9009A7992 /* UserDefaults+Helpers.swift */,
				B5B7489F1E9A08FC00A5308E /* DataExtensions.swift */,
				B58B57FC1ED2A53C009A7992 /* Integer_Helpers.swift */,
				B58B57FE1ED2A562009A7992 /* Double+Helper.swift */,
				B58B58001ED2A58B009A7992 /* Randoms+Helpers.swift */,
				B58B58021ED2A5BE009A7992 /* UIViewController+Helpers.swift */,
				B58B58041ED2A5DF009A7992 /* Dictionnary+Helpers.swift */,
				B58B58061ED2A5F8009A7992 /* UIImageView+Helpers.swift */,
				B58B58081ED2A620009A7992 /* UILabel+Helpers.swift */,
				B58B580A1ED2A641009A7992 /* String+Helpers.swift */,
				B58B580C1ED2A676009A7992 /* NSString+Helpers.swift */,
				B5F44EF91EF06D9B00FD101D /* UILabel+Instantiables.swift */,
				B58B58141ED2A705009A7992 /* Date+Helpers.swift */,
				B58B58161ED2A76D009A7992 /* UIButton+Helpers.swift */,
				B58B58181ED2A7A5009A7992 /* UIView+Helpers.swift */,
				B58B581C1ED2A95F009A7992 /* UIColor+Helpers.swift */,
				B58B580E1ED2A69F009A7992 /* UISearchBar+Helpers.swift */,
				B58B581A1ED2A845009A7992 /* CALayer+Helpers.swift */,
				B58B58101ED2A6B6009A7992 /* NSObject+Helpers.swift */,
				B58B58121ED2A6E4009A7992 /* NSLocale+Helpers.swift */,
				B5B748791E9A008B00A5308E /* UIImage+Decompression.swift */,
			);
			name = Extensions;
			sourceTree = "<group>";
		};
		B58B581F1ED2A9BF009A7992 /* Network Classes */ = {
			isa = PBXGroup;
			children = (
				B535D8491ECF733000E52710 /* DefaultNetworkClass.swift */,
				B58B58261ED2AC90009A7992 /* NSMutableURLRequest+Helpers.swift */,
				B535D84F1ECF77CE00E52710 /* DefaultRequest.swift */,
				B535D8511ECF781700E52710 /* NimbleNetwork.swift */,
				B535D8531ECF781E00E52710 /* SpotitNetwork.swift */,
			);
			name = "Network Classes";
			sourceTree = "<group>";
		};
		B58B58301ED2B34C009A7992 /* Variables */ = {
			isa = PBXGroup;
			children = (
				B58B582C1ED2AF60009A7992 /* SpotitPaths.swift */,
				B55B931A1EE9C59400210D37 /* Testy.swift */,
				B58B58371ED2B762009A7992 /* Provinces.swift */,
				B58B583B1ED2B7B1009A7992 /* State.swift */,
				B58B58391ED2B77E009A7992 /* Country.swift */,
				B58B583D1ED2B7EB009A7992 /* PostalCode.swift */,
			);
			name = Variables;
			sourceTree = "<group>";
		};
		B5B748541E99FFB300A5308E = {
			isa = PBXGroup;
			children = (
				B5B748601E99FFB300A5308E /* SCKBase */,
				B5B7485F1E99FFB300A5308E /* Products */,
			);
			sourceTree = "<group>";
		};
		B5B7485F1E99FFB300A5308E /* Products */ = {
			isa = PBXGroup;
			children = (
				B5B7485E1E99FFB300A5308E /* SCKBase.framework */,
			);
			name = Products;
			sourceTree = "<group>";
		};
		B5B748601E99FFB300A5308E /* SCKBase */ = {
			isa = PBXGroup;
			children = (
				B535D8431ECF703200E52710 /* Specifics */,
				B535D8421ECF702300E52710 /* Views */,
				B58B581E1ED2A9A2009A7992 /* Extensions */,
				B535D8441ECF704100E52710 /* Animators */,
				B58B581F1ED2A9BF009A7992 /* Network Classes */,
				B5B748611E99FFB300A5308E /* SCKBase.h */,
				B5B748621E99FFB300A5308E /* Info.plist */,
				B58B58301ED2B34C009A7992 /* Variables */,
			);
			path = SCKBase;
			sourceTree = "<group>";
		};
/* End PBXGroup section */

/* Begin PBXHeadersBuildPhase section */
		B5B7485B1E99FFB300A5308E /* Headers */ = {
			isa = PBXHeadersBuildPhase;
			buildActionMask = 2147483647;
			files = (
				B5B748631E99FFB300A5308E /* SCKBase.h in Headers */,
			);
			runOnlyForDeploymentPostprocessing = 0;
		};
/* End PBXHeadersBuildPhase section */

/* Begin PBXNativeTarget section */
		B5B7485D1E99FFB300A5308E /* SCKBase */ = {
			isa = PBXNativeTarget;
			buildConfigurationList = B5B748661E99FFB300A5308E /* Build configuration list for PBXNativeTarget "SCKBase" */;
			buildPhases = (
				B5B748591E99FFB300A5308E /* Sources */,
				B5B7485A1E99FFB300A5308E /* Frameworks */,
				B5B7485B1E99FFB300A5308E /* Headers */,
				B5B7485C1E99FFB300A5308E /* Resources */,
			);
			buildRules = (
			);
			dependencies = (
			);
			name = SCKBase;
			productName = SCKBase;
			productReference = B5B7485E1E99FFB300A5308E /* SCKBase.framework */;
			productType = "com.apple.product-type.framework";
		};
/* End PBXNativeTarget section */

/* Begin PBXProject section */
		B5B748551E99FFB300A5308E /* Project object */ = {
			isa = PBXProject;
			attributes = {
				LastUpgradeCheck = 0830;
				ORGANIZATIONNAME = "Jean-Louis Murphy";
				TargetAttributes = {
					B5B7485D1E99FFB300A5308E = {
						CreatedOnToolsVersion = 8.3;
						LastSwiftMigration = 0830;
						ProvisioningStyle = Automatic;
					};
				};
			};
			buildConfigurationList = B5B748581E99FFB300A5308E /* Build configuration list for PBXProject "SCKBase" */;
			compatibilityVersion = "Xcode 8.0";
			developmentRegion = English;
			hasScannedForEncodings = 0;
			knownRegions = (
				en,
			);
			mainGroup = B5B748541E99FFB300A5308E;
			productRefGroup = B5B7485F1E99FFB300A5308E /* Products */;
			projectDirPath = "";
			projectRoot = "";
			targets = (
				B5B7485D1E99FFB300A5308E /* SCKBase */,
			);
		};
/* End PBXProject section */

/* Begin PBXResourcesBuildPhase section */
		B5B7485C1E99FFB300A5308E /* Resources */ = {
			isa = PBXResourcesBuildPhase;
			buildActionMask = 2147483647;
			files = (
			);
			runOnlyForDeploymentPostprocessing = 0;
		};
/* End PBXResourcesBuildPhase section */

/* Begin PBXSourcesBuildPhase section */
		B5B748591E99FFB300A5308E /* Sources */ = {
			isa = PBXSourcesBuildPhase;
			buildActionMask = 2147483647;
			files = (
				B58B58251ED2ABAB009A7992 /* App-Class.swift in Sources */,
				B575B6F61F12976B00E53CB6 /* ConstraintSide.swift in Sources */,
				B5B7488C1E9A01B400A5308E /* LoadingIndicator.swift in Sources */,
				B58BA40A1ED4DD34005F1544 /* DateLabeler.swift in Sources */,
				B55175201ED637150063E356 /* LocationTimeDate.swift in Sources */,
				B5B748721E9A003600A5308E /* Phone.swift in Sources */,
				B5B7487C1E9A009A00A5308E /* UIBezierPath+Helpers.swift in Sources */,
				B58B58091ED2A620009A7992 /* UILabel+Helpers.swift in Sources */,
				B5B748741E9A006400A5308E /* PinCircles.swift in Sources */,
				B58B58421ED2B9B9009A7992 /* UserDefaults+Helpers.swift in Sources */,
				B50B11F91F35A53800ED044B /* Regex.swift in Sources */,
				B58B57FF1ED2A562009A7992 /* Double+Helper.swift in Sources */,
				B58B58151ED2A705009A7992 /* Date+Helpers.swift in Sources */,
				B5007F401ED49F10009A4F6B /* SpotitColorScheme.swift in Sources */,
				B58B58291ED2AD5F009A7992 /* SMSCodeVerifier.swift in Sources */,
				B58B581B1ED2A845009A7992 /* CALayer+Helpers.swift in Sources */,
				B5B7486A1E99FFF300A5308E /* MultiVar.swift in Sources */,
				B575B6F21F12971500E53CB6 /* Constrainable.swift in Sources */,
				B535D8541ECF781E00E52710 /* SpotitNetwork.swift in Sources */,
				B535D84A1ECF733000E52710 /* DefaultNetworkClass.swift in Sources */,
				B58B580D1ED2A676009A7992 /* NSString+Helpers.swift in Sources */,
				B5B748861E9A00EC00A5308E /* CheckMarkButton.swift in Sources */,
				B5B748841E9A00E700A5308E /* CheckMarkView.swift in Sources */,
				B5B7488A1E9A015700A5308E /* LocationAddress.swift in Sources */,
				B52395E31F01D3D900AF538B /* Object.swift in Sources */,
				B5B7489A1E9A07E800A5308E /* ContrastBackground.swift in Sources */,
				B5B748801E9A00CE00A5308E /* BaseCell.swift in Sources */,
				B58B58031ED2A5BE009A7992 /* UIViewController+Helpers.swift in Sources */,
				B58B58051ED2A5DF009A7992 /* Dictionnary+Helpers.swift in Sources */,
				B5E8BE381F02CF6300F14D1E /* SwiftyJSON.swift in Sources */,
				B551751A1ED635640063E356 /* TimeUnits.swift in Sources */,
				B58B58071ED2A5F8009A7992 /* UIImageView+Helpers.swift in Sources */,
				B535D8521ECF781700E52710 /* NimbleNetwork.swift in Sources */,
				B58B580B1ED2A641009A7992 /* String+Helpers.swift in Sources */,
				B58B582B1ED2ADC0009A7992 /* SliderView+Helpers.swift in Sources */,
				B58B58321ED2B3C1009A7992 /* ApplePay+Methods.swift in Sources */,
				B58B583E1ED2B7EC009A7992 /* PostalCode.swift in Sources */,
				B58B57FD1ED2A53C009A7992 /* Integer_Helpers.swift in Sources */,
				B58B583A1ED2B77E009A7992 /* Country.swift in Sources */,
				B575B6F41F12974900E53CB6 /* ConstraintBlock.swift in Sources */,
				B52395E11F01D3CF00AF538B /* File.swift in Sources */,
				B551751E1ED636310063E356 /* AcuteTimeValues.swift in Sources */,
				B58B583C1ED2B7B1009A7992 /* State.swift in Sources */,
				B58B58011ED2A58B009A7992 /* Randoms+Helpers.swift in Sources */,
				B58B58171ED2A76D009A7992 /* UIButton+Helpers.swift in Sources */,
				B5B748A41E9A0AB100A5308E /* TaxHandler.swift in Sources */,
				B551751C1ED635950063E356 /* TimeComponents.swift in Sources */,
				B5B7486C1E9A000200A5308E /* DOB.swift in Sources */,
				B58B58191ED2A7A5009A7992 /* UIView+Helpers.swift in Sources */,
				B5B7487A1E9A008B00A5308E /* UIImage+Decompression.swift in Sources */,
				B5E822FA1F37EC5C002DD945 /* ConstrainableValues.swift in Sources */,
				B58B581D1ED2A95F009A7992 /* UIColor+Helpers.swift in Sources */,
				B58B580F1ED2A69F009A7992 /* UISearchBar+Helpers.swift in Sources */,
				B58B582F1ED2B1E8009A7992 /* SpotitLinkers.swift in Sources */,
				B535D8561ECF78B700E52710 /* SelectorButton.swift in Sources */,
				B58B58381ED2B762009A7992 /* Provinces.swift in Sources */,
				B5B748A81E9A0AE100A5308E /* TransitionStyles.swift in Sources */,
				B5F44EFA1EF06D9B00FD101D /* UILabel+Instantiables.swift in Sources */,
				B5B748901E9A021700A5308E /* GeoVar.swift in Sources */,
				B5B7486E1E9A001A00A5308E /* DateClasses.swift in Sources */,
				B5B748821E9A00E200A5308E /* ArrowButton.swift in Sources */,
				B5B748881E9A014400A5308E /* MerchantLocation.swift in Sources */,
				B58B58211ED2AB15009A7992 /* Financial+Variables.swift in Sources */,
				B5B748981E9A066600A5308E /* GlobalVariables.swift in Sources */,
				B55B931B1EE9C59400210D37 /* Testy.swift in Sources */,
				B55175241ED68AB50063E356 /* TimeVariables.swift in Sources */,
				B5B748701E9A002D00A5308E /* LocalData.swift in Sources */,
				B5E822F81F37E5E0002DD945 /* ConstrainableElement.swift in Sources */,
				B535D84C1ECF76A500E52710 /* LocalizedImageView.swift in Sources */,
				B5B748A01E9A08FC00A5308E /* DataExtensions.swift in Sources */,
				B58B58401ED2B892009A7992 /* ModalViewInfo.swift in Sources */,
				B535D8501ECF77CE00E52710 /* DefaultRequest.swift in Sources */,
				B58B58271ED2AC90009A7992 /* NSMutableURLRequest+Helpers.swift in Sources */,
				B55175221ED689FF0063E356 /* DistanceString.swift in Sources */,
				B58B58111ED2A6B6009A7992 /* NSObject+Helpers.swift in Sources */,
				B52395E71F01DC3C00AF538B /* JSONObject.swift in Sources */,
				B58B58131ED2A6E4009A7992 /* NSLocale+Helpers.swift in Sources */,
				B5B7488E1E9A020400A5308E /* SliderView.swift in Sources */,
				B58B582D1ED2AF60009A7992 /* SpotitPaths.swift in Sources */,
			);
			runOnlyForDeploymentPostprocessing = 0;
		};
/* End PBXSourcesBuildPhase section */

/* Begin XCBuildConfiguration section */
		B5B748641E99FFB300A5308E /* Debug */ = {
			isa = XCBuildConfiguration;
			buildSettings = {
				ALWAYS_SEARCH_USER_PATHS = NO;
				CLANG_ANALYZER_NONNULL = YES;
				CLANG_ANALYZER_NUMBER_OBJECT_CONVERSION = YES_AGGRESSIVE;
				CLANG_CXX_LANGUAGE_STANDARD = "gnu++0x";
				CLANG_CXX_LIBRARY = "libc++";
				CLANG_ENABLE_MODULES = YES;
				CLANG_ENABLE_OBJC_ARC = YES;
				CLANG_WARN_BOOL_CONVERSION = YES;
				CLANG_WARN_CONSTANT_CONVERSION = YES;
				CLANG_WARN_DIRECT_OBJC_ISA_USAGE = YES_ERROR;
				CLANG_WARN_DOCUMENTATION_COMMENTS = YES;
				CLANG_WARN_EMPTY_BODY = YES;
				CLANG_WARN_ENUM_CONVERSION = YES;
				CLANG_WARN_INFINITE_RECURSION = YES;
				CLANG_WARN_INT_CONVERSION = YES;
				CLANG_WARN_OBJC_ROOT_CLASS = YES_ERROR;
				CLANG_WARN_SUSPICIOUS_MOVE = YES;
				CLANG_WARN_UNREACHABLE_CODE = YES;
				CLANG_WARN__DUPLICATE_METHOD_MATCH = YES;
				"CODE_SIGN_IDENTITY[sdk=iphoneos*]" = "iPhone Developer";
				COPY_PHASE_STRIP = NO;
				CURRENT_PROJECT_VERSION = 1;
				DEBUG_INFORMATION_FORMAT = dwarf;
				ENABLE_STRICT_OBJC_MSGSEND = YES;
				ENABLE_TESTABILITY = YES;
				GCC_C_LANGUAGE_STANDARD = gnu99;
				GCC_DYNAMIC_NO_PIC = NO;
				GCC_NO_COMMON_BLOCKS = YES;
				GCC_OPTIMIZATION_LEVEL = 0;
				GCC_PREPROCESSOR_DEFINITIONS = (
					"DEBUG=1",
					"$(inherited)",
				);
				GCC_WARN_64_TO_32_BIT_CONVERSION = YES;
				GCC_WARN_ABOUT_RETURN_TYPE = YES_ERROR;
				GCC_WARN_UNDECLARED_SELECTOR = YES;
				GCC_WARN_UNINITIALIZED_AUTOS = YES_AGGRESSIVE;
				GCC_WARN_UNUSED_FUNCTION = YES;
				GCC_WARN_UNUSED_VARIABLE = YES;
				IPHONEOS_DEPLOYMENT_TARGET = 10.0;
				MTL_ENABLE_DEBUG_INFO = YES;
				ONLY_ACTIVE_ARCH = YES;
				SDKROOT = iphoneos;
				SWIFT_ACTIVE_COMPILATION_CONDITIONS = DEBUG;
				SWIFT_OPTIMIZATION_LEVEL = "-Onone";
				TARGETED_DEVICE_FAMILY = "1,2";
				VERSIONING_SYSTEM = "apple-generic";
				VERSION_INFO_PREFIX = "";
			};
			name = Debug;
		};
		B5B748651E99FFB300A5308E /* Release */ = {
			isa = XCBuildConfiguration;
			buildSettings = {
				ALWAYS_SEARCH_USER_PATHS = NO;
				CLANG_ANALYZER_NONNULL = YES;
				CLANG_ANALYZER_NUMBER_OBJECT_CONVERSION = YES_AGGRESSIVE;
				CLANG_CXX_LANGUAGE_STANDARD = "gnu++0x";
				CLANG_CXX_LIBRARY = "libc++";
				CLANG_ENABLE_MODULES = YES;
				CLANG_ENABLE_OBJC_ARC = YES;
				CLANG_WARN_BOOL_CONVERSION = YES;
				CLANG_WARN_CONSTANT_CONVERSION = YES;
				CLANG_WARN_DIRECT_OBJC_ISA_USAGE = YES_ERROR;
				CLANG_WARN_DOCUMENTATION_COMMENTS = YES;
				CLANG_WARN_EMPTY_BODY = YES;
				CLANG_WARN_ENUM_CONVERSION = YES;
				CLANG_WARN_INFINITE_RECURSION = YES;
				CLANG_WARN_INT_CONVERSION = YES;
				CLANG_WARN_OBJC_ROOT_CLASS = YES_ERROR;
				CLANG_WARN_SUSPICIOUS_MOVE = YES;
				CLANG_WARN_UNREACHABLE_CODE = YES;
				CLANG_WARN__DUPLICATE_METHOD_MATCH = YES;
				"CODE_SIGN_IDENTITY[sdk=iphoneos*]" = "iPhone Developer";
				COPY_PHASE_STRIP = NO;
				CURRENT_PROJECT_VERSION = 1;
				DEBUG_INFORMATION_FORMAT = "dwarf-with-dsym";
				ENABLE_NS_ASSERTIONS = NO;
				ENABLE_STRICT_OBJC_MSGSEND = YES;
				GCC_C_LANGUAGE_STANDARD = gnu99;
				GCC_NO_COMMON_BLOCKS = YES;
				GCC_WARN_64_TO_32_BIT_CONVERSION = YES;
				GCC_WARN_ABOUT_RETURN_TYPE = YES_ERROR;
				GCC_WARN_UNDECLARED_SELECTOR = YES;
				GCC_WARN_UNINITIALIZED_AUTOS = YES_AGGRESSIVE;
				GCC_WARN_UNUSED_FUNCTION = YES;
				GCC_WARN_UNUSED_VARIABLE = YES;
				IPHONEOS_DEPLOYMENT_TARGET = 10.0;
				MTL_ENABLE_DEBUG_INFO = NO;
				ONLY_ACTIVE_ARCH = YES;
				SDKROOT = iphoneos;
				SWIFT_OPTIMIZATION_LEVEL = "-Owholemodule";
				TARGETED_DEVICE_FAMILY = "1,2";
				VALIDATE_PRODUCT = YES;
				VERSIONING_SYSTEM = "apple-generic";
				VERSION_INFO_PREFIX = "";
			};
			name = Release;
		};
		B5B748671E99FFB300A5308E /* Debug */ = {
			isa = XCBuildConfiguration;
			buildSettings = {
				APPLICATION_EXTENSION_API_ONLY = NO;
				CLANG_ENABLE_MODULES = YES;
				CODE_SIGN_IDENTITY = "";
				DEFINES_MODULE = YES;
				DEVELOPMENT_TEAM = V4AJ92679S;
				DYLIB_COMPATIBILITY_VERSION = 1;
				DYLIB_CURRENT_VERSION = 1;
				DYLIB_INSTALL_NAME_BASE = "@rpath";
				INFOPLIST_FILE = SCKBase/Info.plist;
				INSTALL_PATH = "$(LOCAL_LIBRARY_DIR)/Frameworks";
				LD_RUNPATH_SEARCH_PATHS = "$(inherited) @executable_path/Frameworks @loader_path/Frameworks";
				PRODUCT_BUNDLE_IDENTIFIER = Spotio.SCKBase;
				PRODUCT_NAME = "$(TARGET_NAME)";
				SKIP_INSTALL = YES;
				SWIFT_OPTIMIZATION_LEVEL = "-Onone";
				SWIFT_VERSION = 3.0;
			};
			name = Debug;
		};
		B5B748681E99FFB300A5308E /* Release */ = {
			isa = XCBuildConfiguration;
			buildSettings = {
				APPLICATION_EXTENSION_API_ONLY = NO;
				CLANG_ENABLE_MODULES = YES;
				CODE_SIGN_IDENTITY = "";
				DEFINES_MODULE = YES;
				DEVELOPMENT_TEAM = V4AJ92679S;
				DYLIB_COMPATIBILITY_VERSION = 1;
				DYLIB_CURRENT_VERSION = 1;
				DYLIB_INSTALL_NAME_BASE = "@rpath";
				INFOPLIST_FILE = SCKBase/Info.plist;
				INSTALL_PATH = "$(LOCAL_LIBRARY_DIR)/Frameworks";
				LD_RUNPATH_SEARCH_PATHS = "$(inherited) @executable_path/Frameworks @loader_path/Frameworks";
				PRODUCT_BUNDLE_IDENTIFIER = Spotio.SCKBase;
				PRODUCT_NAME = "$(TARGET_NAME)";
				SKIP_INSTALL = YES;
				SWIFT_VERSION = 3.0;
			};
			name = Release;
		};
/* End XCBuildConfiguration section */

/* Begin XCConfigurationList section */
		B5B748581E99FFB300A5308E /* Build configuration list for PBXProject "SCKBase" */ = {
			isa = XCConfigurationList;
			buildConfigurations = (
				B5B748641E99FFB300A5308E /* Debug */,
				B5B748651E99FFB300A5308E /* Release */,
			);
			defaultConfigurationIsVisible = 0;
			defaultConfigurationName = Release;
		};
		B5B748661E99FFB300A5308E /* Build configuration list for PBXNativeTarget "SCKBase" */ = {
			isa = XCConfigurationList;
			buildConfigurations = (
				B5B748671E99FFB300A5308E /* Debug */,
				B5B748681E99FFB300A5308E /* Release */,
			);
			defaultConfigurationIsVisible = 0;
			defaultConfigurationName = Release;
		};
/* End XCConfigurationList section */
	};
	rootObject = B5B748551E99FFB300A5308E /* Project object */;
}
